// !$*UTF8*$!
{
	archiveVersion = 1;
	classes = {
	};
	objectVersion = 46;
	objects = {

/* Begin PBXBuildFile section */
		040739981E47E58100D1AAE4 /* CurrentWeather.swift in Sources */ = {isa = PBXBuildFile; fileRef = 040739971E47E58100D1AAE4 /* CurrentWeather.swift */; };
		0407399A1E47EA5600D1AAE4 /* Location.swift in Sources */ = {isa = PBXBuildFile; fileRef = 040739991E47EA5600D1AAE4 /* Location.swift */; };
		047097C81E4D3DA300EF5C8A /* SettingsView.swift in Sources */ = {isa = PBXBuildFile; fileRef = 047097C71E4D3DA300EF5C8A /* SettingsView.swift */; };
		04999ACD1E4988AA007904A1 /* UserMapLocation.swift in Sources */ = {isa = PBXBuildFile; fileRef = 04999ACC1E4988AA007904A1 /* UserMapLocation.swift */; };
		04F92AB01E46E2AA0078E154 /* AppDelegate.swift in Sources */ = {isa = PBXBuildFile; fileRef = 04F92AAF1E46E2AA0078E154 /* AppDelegate.swift */; };
		04F92AB21E46E2AA0078E154 /* ViewController.swift in Sources */ = {isa = PBXBuildFile; fileRef = 04F92AB11E46E2AA0078E154 /* ViewController.swift */; };
		04F92AB51E46E2AA0078E154 /* Main.storyboard in Resources */ = {isa = PBXBuildFile; fileRef = 04F92AB31E46E2AA0078E154 /* Main.storyboard */; };
		04F92AB71E46E2AA0078E154 /* Assets.xcassets in Resources */ = {isa = PBXBuildFile; fileRef = 04F92AB61E46E2AA0078E154 /* Assets.xcassets */; };
		04F92ABA1E46E2AA0078E154 /* LaunchScreen.storyboard in Resources */ = {isa = PBXBuildFile; fileRef = 04F92AB81E46E2AA0078E154 /* LaunchScreen.storyboard */; };
		04F92AC21E46E3CD0078E154 /* Constants.swift in Sources */ = {isa = PBXBuildFile; fileRef = 04F92AC11E46E3CD0078E154 /* Constants.swift */; };
		7A6C3021CE2CE8F79A138B33 /* Pods_Altimetrics.framework in Frameworks */ = {isa = PBXBuildFile; fileRef = A7E91E4DC0E984CE018D8797 /* Pods_Altimetrics.framework */; };
/* End PBXBuildFile section */

/* Begin PBXFileReference section */
		040739971E47E58100D1AAE4 /* CurrentWeather.swift */ = {isa = PBXFileReference; fileEncoding = 4; lastKnownFileType = sourcecode.swift; path = CurrentWeather.swift; sourceTree = "<group>"; };
		040739991E47EA5600D1AAE4 /* Location.swift */ = {isa = PBXFileReference; fileEncoding = 4; lastKnownFileType = sourcecode.swift; path = Location.swift; sourceTree = "<group>"; };
		047097C71E4D3DA300EF5C8A /* SettingsView.swift */ = {isa = PBXFileReference; fileEncoding = 4; lastKnownFileType = sourcecode.swift; path = SettingsView.swift; sourceTree = "<group>"; };
		04999ACC1E4988AA007904A1 /* UserMapLocation.swift */ = {isa = PBXFileReference; fileEncoding = 4; lastKnownFileType = sourcecode.swift; path = UserMapLocation.swift; sourceTree = "<group>"; };
		04F92AAC1E46E2AA0078E154 /* Altimetrics.app */ = {isa = PBXFileReference; explicitFileType = wrapper.application; includeInIndex = 0; path = Altimetrics.app; sourceTree = BUILT_PRODUCTS_DIR; };
		04F92AAF1E46E2AA0078E154 /* AppDelegate.swift */ = {isa = PBXFileReference; lastKnownFileType = sourcecode.swift; path = AppDelegate.swift; sourceTree = "<group>"; };
		04F92AB11E46E2AA0078E154 /* ViewController.swift */ = {isa = PBXFileReference; lastKnownFileType = sourcecode.swift; path = ViewController.swift; sourceTree = "<group>"; };
		04F92AB41E46E2AA0078E154 /* Base */ = {isa = PBXFileReference; lastKnownFileType = file.storyboard; name = Base; path = Base.lproj/Main.storyboard; sourceTree = "<group>"; };
		04F92AB61E46E2AA0078E154 /* Assets.xcassets */ = {isa = PBXFileReference; lastKnownFileType = folder.assetcatalog; path = Assets.xcassets; sourceTree = "<group>"; };
		04F92AB91E46E2AA0078E154 /* Base */ = {isa = PBXFileReference; lastKnownFileType = file.storyboard; name = Base; path = Base.lproj/LaunchScreen.storyboard; sourceTree = "<group>"; };
		04F92ABB1E46E2AA0078E154 /* Info.plist */ = {isa = PBXFileReference; lastKnownFileType = text.plist.xml; path = Info.plist; sourceTree = "<group>"; };
		04F92AC11E46E3CD0078E154 /* Constants.swift */ = {isa = PBXFileReference; fileEncoding = 4; lastKnownFileType = sourcecode.swift; path = Constants.swift; sourceTree = "<group>"; };
		343754AE71BD97AD5AE4B7DE /* Pods-Altimetrics.release.xcconfig */ = {isa = PBXFileReference; includeInIndex = 1; lastKnownFileType = text.xcconfig; name = "Pods-Altimetrics.release.xcconfig"; path = "Pods/Target Support Files/Pods-Altimetrics/Pods-Altimetrics.release.xcconfig"; sourceTree = "<group>"; };
		A7E91E4DC0E984CE018D8797 /* Pods_Altimetrics.framework */ = {isa = PBXFileReference; explicitFileType = wrapper.framework; includeInIndex = 0; path = Pods_Altimetrics.framework; sourceTree = BUILT_PRODUCTS_DIR; };
		D9034869B4F3B740A4853185 /* Pods-Altimetrics.debug.xcconfig */ = {isa = PBXFileReference; includeInIndex = 1; lastKnownFileType = text.xcconfig; name = "Pods-Altimetrics.debug.xcconfig"; path = "Pods/Target Support Files/Pods-Altimetrics/Pods-Altimetrics.debug.xcconfig"; sourceTree = "<group>"; };
/* End PBXFileReference section */

/* Begin PBXFrameworksBuildPhase section */
		04F92AA91E46E2AA0078E154 /* Frameworks */ = {
			isa = PBXFrameworksBuildPhase;
			buildActionMask = 2147483647;
			files = (
				7A6C3021CE2CE8F79A138B33 /* Pods_Altimetrics.framework in Frameworks */,
			);
			runOnlyForDeploymentPostprocessing = 0;
		};
/* End PBXFrameworksBuildPhase section */

/* Begin PBXGroup section */
		04F92AA31E46E2AA0078E154 = {
			isa = PBXGroup;
			children = (
				04F92AAE1E46E2AA0078E154 /* Altimetrics */,
				04F92AAD1E46E2AA0078E154 /* Products */,
				95CEE3A04E51D90FB75FA008 /* Pods */,
				18E9321F40BBEBE0C9BFCB86 /* Frameworks */,
			);
			sourceTree = "<group>";
		};
		04F92AAD1E46E2AA0078E154 /* Products */ = {
			isa = PBXGroup;
			children = (
				04F92AAC1E46E2AA0078E154 /* Altimetrics.app */,
			);
			name = Products;
			sourceTree = "<group>";
		};
		04F92AAE1E46E2AA0078E154 /* Altimetrics */ = {
			isa = PBXGroup;
			children = (
				04F92AAF1E46E2AA0078E154 /* AppDelegate.swift */,
				04F92AB11E46E2AA0078E154 /* ViewController.swift */,
				04F92AB31E46E2AA0078E154 /* Main.storyboard */,
				04F92AB61E46E2AA0078E154 /* Assets.xcassets */,
				04F92AB81E46E2AA0078E154 /* LaunchScreen.storyboard */,
				04F92ABB1E46E2AA0078E154 /* Info.plist */,
				04F92AC11E46E3CD0078E154 /* Constants.swift */,
				040739971E47E58100D1AAE4 /* CurrentWeather.swift */,
				040739991E47EA5600D1AAE4 /* Location.swift */,
				04999ACC1E4988AA007904A1 /* UserMapLocation.swift */,
				047097C71E4D3DA300EF5C8A /* SettingsView.swift */,
			);
			path = Altimetrics;
			sourceTree = "<group>";
		};
		18E9321F40BBEBE0C9BFCB86 /* Frameworks */ = {
			isa = PBXGroup;
			children = (
				A7E91E4DC0E984CE018D8797 /* Pods_Altimetrics.framework */,
			);
			name = Frameworks;
			sourceTree = "<group>";
		};
		95CEE3A04E51D90FB75FA008 /* Pods */ = {
			isa = PBXGroup;
			children = (
				D9034869B4F3B740A4853185 /* Pods-Altimetrics.debug.xcconfig */,
				343754AE71BD97AD5AE4B7DE /* Pods-Altimetrics.release.xcconfig */,
			);
			name = Pods;
			sourceTree = "<group>";
		};
/* End PBXGroup section */

/* Begin PBXNativeTarget section */
		04F92AAB1E46E2AA0078E154 /* Altimetrics */ = {
			isa = PBXNativeTarget;
			buildConfigurationList = 04F92ABE1E46E2AA0078E154 /* Build configuration list for PBXNativeTarget "Altimetrics" */;
			buildPhases = (
				CC474DA187F080CE1E291314 /* [CP] Check Pods Manifest.lock */,
				04F92AA81E46E2AA0078E154 /* Sources */,
				04F92AA91E46E2AA0078E154 /* Frameworks */,
				04F92AAA1E46E2AA0078E154 /* Resources */,
				906DB32A3D9D93E1EE621060 /* [CP] Embed Pods Frameworks */,
				C3BF864A6286B6032412A05B /* [CP] Copy Pods Resources */,
			);
			buildRules = (
			);
			dependencies = (
			);
			name = Altimetrics;
			productName = Altimetrics;
			productReference = 04F92AAC1E46E2AA0078E154 /* Altimetrics.app */;
			productType = "com.apple.product-type.application";
		};
/* End PBXNativeTarget section */

/* Begin PBXProject section */
		04F92AA41E46E2AA0078E154 /* Project object */ = {
			isa = PBXProject;
			attributes = {
				LastSwiftUpdateCheck = 0800;
				LastUpgradeCheck = 0800;
				ORGANIZATIONNAME = AlphaApplications;
				TargetAttributes = {
					04F92AAB1E46E2AA0078E154 = {
						CreatedOnToolsVersion = 8.0;
						DevelopmentTeam = YQ9GWYBA6Y;
						ProvisioningStyle = Automatic;
					};
				};
			};
			buildConfigurationList = 04F92AA71E46E2AA0078E154 /* Build configuration list for PBXProject "Altimetrics" */;
			compatibilityVersion = "Xcode 3.2";
			developmentRegion = English;
			hasScannedForEncodings = 0;
			knownRegions = (
				en,
				Base,
			);
			mainGroup = 04F92AA31E46E2AA0078E154;
			productRefGroup = 04F92AAD1E46E2AA0078E154 /* Products */;
			projectDirPath = "";
			projectRoot = "";
			targets = (
				04F92AAB1E46E2AA0078E154 /* Altimetrics */,
			);
		};
/* End PBXProject section */

/* Begin PBXResourcesBuildPhase section */
		04F92AAA1E46E2AA0078E154 /* Resources */ = {
			isa = PBXResourcesBuildPhase;
			buildActionMask = 2147483647;
			files = (
				04F92ABA1E46E2AA0078E154 /* LaunchScreen.storyboard in Resources */,
				04F92AB71E46E2AA0078E154 /* Assets.xcassets in Resources */,
				04F92AB51E46E2AA0078E154 /* Main.storyboard in Resources */,
			);
			runOnlyForDeploymentPostprocessing = 0;
		};
/* End PBXResourcesBuildPhase section */

/* Begin PBXShellScriptBuildPhase section */
		906DB32A3D9D93E1EE621060 /* [CP] Embed Pods Frameworks */ = {
			isa = PBXShellScriptBuildPhase;
			buildActionMask = 2147483647;
			files = (
			);
			inputPaths = (
			);
			name = "[CP] Embed Pods Frameworks";
			outputPaths = (
			);
			runOnlyForDeploymentPostprocessing = 0;
			shellPath = /bin/sh;
			shellScript = "\"${SRCROOT}/Pods/Target Support Files/Pods-Altimetrics/Pods-Altimetrics-frameworks.sh\"\n";
			showEnvVarsInLog = 0;
		};
		C3BF864A6286B6032412A05B /* [CP] Copy Pods Resources */ = {
			isa = PBXShellScriptBuildPhase;
			buildActionMask = 2147483647;
			files = (
			);
			inputPaths = (
			);
			name = "[CP] Copy Pods Resources";
			outputPaths = (
			);
			runOnlyForDeploymentPostprocessing = 0;
			shellPath = /bin/sh;
			shellScript = "\"${SRCROOT}/Pods/Target Support Files/Pods-Altimetrics/Pods-Altimetrics-resources.sh\"\n";
			showEnvVarsInLog = 0;
		};
		CC474DA187F080CE1E291314 /* [CP] Check Pods Manifest.lock */ = {
			isa = PBXShellScriptBuildPhase;
			buildActionMask = 2147483647;
			files = (
			);
			inputPaths = (
			);
			name = "[CP] Check Pods Manifest.lock";
			outputPaths = (
			);
			runOnlyForDeploymentPostprocessing = 0;
			shellPath = /bin/sh;
			shellScript = "diff \"${PODS_ROOT}/../Podfile.lock\" \"${PODS_ROOT}/Manifest.lock\" > /dev/null\nif [ $? != 0 ] ; then\n    # print error to STDERR\n    echo \"error: The sandbox is not in sync with the Podfile.lock. Run 'pod install' or update your CocoaPods installation.\" >&2\n    exit 1\nfi\n";
			showEnvVarsInLog = 0;
		};
/* End PBXShellScriptBuildPhase section */

/* Begin PBXSourcesBuildPhase section */
		04F92AA81E46E2AA0078E154 /* Sources */ = {
			isa = PBXSourcesBuildPhase;
			buildActionMask = 2147483647;
			files = (
				047097C81E4D3DA300EF5C8A /* SettingsView.swift in Sources */,
				04F92AB21E46E2AA0078E154 /* ViewController.swift in Sources */,
				04F92AC21E46E3CD0078E154 /* Constants.swift in Sources */,
				0407399A1E47EA5600D1AAE4 /* Location.swift in Sources */,
				040739981E47E58100D1AAE4 /* CurrentWeather.swift in Sources */,
				04999ACD1E4988AA007904A1 /* UserMapLocation.swift in Sources */,
				04F92AB01E46E2AA0078E154 /* AppDelegate.swift in Sources */,
			);
			runOnlyForDeploymentPostprocessing = 0;
		};
/* End PBXSourcesBuildPhase section */

/* Begin PBXVariantGroup section */
		04F92AB31E46E2AA0078E154 /* Main.storyboard */ = {
			isa = PBXVariantGroup;
			children = (
				04F92AB41E46E2AA0078E154 /* Base */,
			);
			name = Main.storyboard;
			sourceTree = "<group>";
		};
		04F92AB81E46E2AA0078E154 /* LaunchScreen.storyboard */ = {
			isa = PBXVariantGroup;
			children = (
				04F92AB91E46E2AA0078E154 /* Base */,
			);
			name = LaunchScreen.storyboard;
			sourceTree = "<group>";
		};
/* End PBXVariantGroup section */

/* Begin XCBuildConfiguration section */
		04F92ABC1E46E2AA0078E154 /* Debug */ = {
			isa = XCBuildConfiguration;
			buildSettings = {
				ALWAYS_SEARCH_USER_PATHS = NO;
				CLANG_ANALYZER_NONNULL = YES;
				CLANG_CXX_LANGUAGE_STANDARD = "gnu++0x";
				CLANG_CXX_LIBRARY = "libc++";
				CLANG_ENABLE_MODULES = YES;
				CLANG_ENABLE_OBJC_ARC = YES;
				CLANG_WARN_BOOL_CONVERSION = YES;
				CLANG_WARN_CONSTANT_CONVERSION = YES;
				CLANG_WARN_DIRECT_OBJC_ISA_USAGE = YES_ERROR;
				CLANG_WARN_DOCUMENTATION_COMMENTS = YES;
				CLANG_WARN_EMPTY_BODY = YES;
				CLANG_WARN_ENUM_CONVERSION = YES;
				CLANG_WARN_INFINITE_RECURSION = YES;
				CLANG_WARN_INT_CONVERSION = YES;
				CLANG_WARN_OBJC_ROOT_CLASS = YES_ERROR;
				CLANG_WARN_SUSPICIOUS_MOVE = YES;
				CLANG_WARN_SUSPICIOUS_MOVES = YES;
				CLANG_WARN_UNREACHABLE_CODE = YES;
				CLANG_WARN__DUPLICATE_METHOD_MATCH = YES;
				"CODE_SIGN_IDENTITY[sdk=iphoneos10.0]" = "iPhone Developer";
				COPY_PHASE_STRIP = NO;
				DEBUG_INFORMATION_FORMAT = dwarf;
				ENABLE_STRICT_OBJC_MSGSEND = YES;
				ENABLE_TESTABILITY = YES;
				GCC_C_LANGUAGE_STANDARD = gnu99;
				GCC_DYNAMIC_NO_PIC = NO;
				GCC_NO_COMMON_BLOCKS = YES;
				GCC_OPTIMIZATION_LEVEL = 0;
				GCC_PREPROCESSOR_DEFINITIONS = (
					"DEBUG=1",
					"$(inherited)",
				);
				GCC_WARN_64_TO_32_BIT_CONVERSION = YES;
				GCC_WARN_ABOUT_RETURN_TYPE = YES_ERROR;
				GCC_WARN_UNDECLARED_SELECTOR = YES;
				GCC_WARN_UNINITIALIZED_AUTOS = YES_AGGRESSIVE;
				GCC_WARN_UNUSED_FUNCTION = YES;
				GCC_WARN_UNUSED_VARIABLE = YES;
				IPHONEOS_DEPLOYMENT_TARGET = 10.0;
				MTL_ENABLE_DEBUG_INFO = YES;
				ONLY_ACTIVE_ARCH = YES;
				SDKROOT = iphoneos;
				SWIFT_ACTIVE_COMPILATION_CONDITIONS = DEBUG;
				SWIFT_OPTIMIZATION_LEVEL = "-Onone";
			};
			name = Debug;
		};
		04F92ABD1E46E2AA0078E154 /* Release */ = {
			isa = XCBuildConfiguration;
			buildSettings = {
				ALWAYS_SEARCH_USER_PATHS = NO;
				CLANG_ANALYZER_NONNULL = YES;
				CLANG_CXX_LANGUAGE_STANDARD = "gnu++0x";
				CLANG_CXX_LIBRARY = "libc++";
				CLANG_ENABLE_MODULES = YES;
				CLANG_ENABLE_OBJC_ARC = YES;
				CLANG_WARN_BOOL_CONVERSION = YES;
				CLANG_WARN_CONSTANT_CONVERSION = YES;
				CLANG_WARN_DIRECT_OBJC_ISA_USAGE = YES_ERROR;
				CLANG_WARN_DOCUMENTATION_COMMENTS = YES;
				CLANG_WARN_EMPTY_BODY = YES;
				CLANG_WARN_ENUM_CONVERSION = YES;
				CLANG_WARN_INFINITE_RECURSION = YES;
				CLANG_WARN_INT_CONVERSION = YES;
				CLANG_WARN_OBJC_ROOT_CLASS = YES_ERROR;
				CLANG_WARN_SUSPICIOUS_MOVE = YES;
				CLANG_WARN_SUSPICIOUS_MOVES = YES;
				CLANG_WARN_UNREACHABLE_CODE = YES;
				CLANG_WARN__DUPLICATE_METHOD_MATCH = YES;
				"CODE_SIGN_IDENTITY[sdk=iphoneos10.0]" = "iPhone Developer";
				COPY_PHASE_STRIP = NO;
				DEBUG_INFORMATION_FORMAT = "dwarf-with-dsym";
				ENABLE_NS_ASSERTIONS = NO;
				ENABLE_STRICT_OBJC_MSGSEND = YES;
				GCC_C_LANGUAGE_STANDARD = gnu99;
				GCC_NO_COMMON_BLOCKS = YES;
				GCC_WARN_64_TO_32_BIT_CONVERSION = YES;
				GCC_WARN_ABOUT_RETURN_TYPE = YES_ERROR;
				GCC_WARN_UNDECLARED_SELECTOR = YES;
				GCC_WARN_UNINITIALIZED_AUTOS = YES_AGGRESSIVE;
				GCC_WARN_UNUSED_FUNCTION = YES;
				GCC_WARN_UNUSED_VARIABLE = YES;
				IPHONEOS_DEPLOYMENT_TARGET = 10.0;
				MTL_ENABLE_DEBUG_INFO = NO;
				SDKROOT = iphoneos;
				SWIFT_OPTIMIZATION_LEVEL = "-Owholemodule";
				VALIDATE_PRODUCT = YES;
			};
			name = Release;
		};
		04F92ABF1E46E2AA0078E154 /* Debug */ = {
			isa = XCBuildConfiguration;
			baseConfigurationReference = D9034869B4F3B740A4853185 /* Pods-Altimetrics.debug.xcconfig */;
			buildSettings = {
				ASSETCATALOG_COMPILER_APPICON_NAME = AppIcon;
				DEVELOPMENT_TEAM = YQ9GWYBA6Y;
				INFOPLIST_FILE = Altimetrics/Info.plist;
				IPHONEOS_DEPLOYMENT_TARGET = 10.0;
				LD_RUNPATH_SEARCH_PATHS = "$(inherited) @executable_path/Frameworks";
				PRODUCT_BUNDLE_IDENTIFIER = com.MattGuestApps.Altimetrics;
				PRODUCT_NAME = "$(TARGET_NAME)";
				SWIFT_VERSION = 3.0;
				TARGETED_DEVICE_FAMILY = 1;
			};
			name = Debug;
		};
		04F92AC01E46E2AA0078E154 /* Release */ = {
			isa = XCBuildConfiguration;
			baseConfigurationReference = 343754AE71BD97AD5AE4B7DE /* Pods-Altimetrics.release.xcconfig */;
			buildSettings = {
				ASSETCATALOG_COMPILER_APPICON_NAME = AppIcon;
				DEVELOPMENT_TEAM = YQ9GWYBA6Y;
				INFOPLIST_FILE = Altimetrics/Info.plist;
				IPHONEOS_DEPLOYMENT_TARGET = 10.0;
				LD_RUNPATH_SEARCH_PATHS = "$(inherited) @executable_path/Frameworks";
				PRODUCT_BUNDLE_IDENTIFIER = com.MattGuestApps.Altimetrics;
				PRODUCT_NAME = "$(TARGET_NAME)";
				SWIFT_VERSION = 3.0;
				TARGETED_DEVICE_FAMILY = 1;
			};
			name = Release;
		};
/* End XCBuildConfiguration section */

/* Begin XCConfigurationList section */
		04F92AA71E46E2AA0078E154 /* Build configuration list for PBXProject "Altimetrics" */ = {
			isa = XCConfigurationList;
			buildConfigurations = (
				04F92ABC1E46E2AA0078E154 /* Debug */,
				04F92ABD1E46E2AA0078E154 /* Release */,
			);
			defaultConfigurationIsVisible = 0;
			defaultConfigurationName = Release;
		};
		04F92ABE1E46E2AA0078E154 /* Build configuration list for PBXNativeTarget "Altimetrics" */ = {
			isa = XCConfigurationList;
			buildConfigurations = (
				04F92ABF1E46E2AA0078E154 /* Debug */,
				04F92AC01E46E2AA0078E154 /* Release */,
			);
			defaultConfigurationIsVisible = 0;
			defaultConfigurationName = Release;
		};
/* End XCConfigurationList section */
	};
	rootObject = 04F92AA41E46E2AA0078E154 /* Project object */;
}
